
Microsoft Visual Studio Solution File, Format Version 12.00
# Visual Studio Version 16
VisualStudioVersion = 16.0.29411.108
MinimumVisualStudioVersion = 10.0.40219.1
Project("{FAE04EC0-301F-11D3-BF4B-00C04F79EFBC}") = "HttpReportsWeb", "HttpReportsWeb\HttpReportsWeb.csproj", "{17169F17-82BD-4D19-B437-2380B4DBDCAE}"
EndProject
Global
	GlobalSection(SolutionConfigurationPlatforms) = preSolution
		Debug|Any CPU = Debug|Any CPU
		Release|Any CPU = Release|Any CPU
	EndGlobalSection
	GlobalSection(ProjectConfigurationPlatforms) = postSolution
		{17169F17-82BD-4D19-B437-2380B4DBDCAE}.Debug|Any CPU.ActiveCfg = Debug|Any CPU
		{17169F17-82BD-4D19-B437-2380B4DBDCAE}.Debug|Any CPU.Build.0 = Debug|Any CPU
		{17169F17-82BD-4D19-B437-2380B4DBDCAE}.Release|Any CPU.ActiveCfg = Release|Any CPU
		{17169F17-82BD-4D19-B437-2380B4DBDCAE}.Release|Any CPU.Build.0 = Release|Any CPU
	EndGlobalSection
	GlobalSection(SolutionProperties) = preSolution
		HideSolutionNode = FALSE
	EndGlobalSection
	GlobalSection(ExtensibilityGlobals) = postSolution
		SolutionGuid = {C5CD2EE6-2829-4DE0-9EA4-691A28E9EA29}
	EndGlobalSection
EndGlobal
